{
  "requires": true,
  "lockfileVersion": 1,
  "dependencies": {
    "@types/history": {
      "version": "4.7.3",
      "resolved": "https://registry.npmjs.org/@types/history/-/history-4.7.3.tgz",
      "integrity": "sha512-cS5owqtwzLN5kY+l+KgKdRJ/Cee8tlmQoGQuIE9tWnSmS3JMKzmxo2HIAk2wODMifGwO20d62xZQLYz+RLfXmw=="
    }
  }
}
